{
  "version": 4,
  "terraform_version": "1.12.2",
  "serial": 20,
  "lineage": "a4bace1e-ff83-f210-89f6-317b7c6d5af2",
  "outputs": {},
  "resources": [
    {
      "mode": "managed",
      "type": "azurerm_app_service",
      "name": "web_app",
      "provider": "provider[\"registry.terraform.io/hashicorp/azurerm\"]",
      "instances": [
        {
          "schema_version": 0,
          "attributes": {
            "app_service_plan_id": "/subscriptions/52ff5c18-491f-4ff9-9f24-783368bab57e/resourceGroups/rg_Ybee/providers/Microsoft.Web/serverFarms/ybee-app_plan",
            "app_settings": {
              "WEBSITE_RUN_FROM_PACKAGE": "1"
            },
            "auth_settings": [
              {
                "active_directory": [],
                "additional_login_params": {},
                "allowed_external_redirect_urls": [],
                "default_provider": "",
                "enabled": false,
                "facebook": [],
                "google": [],
                "issuer": "",
                "microsoft": [],
                "runtime_version": "",
                "token_refresh_extension_hours": 0,
                "token_store_enabled": false,
                "twitter": [],
                "unauthenticated_client_action": ""
              }
            ],
            "backup": [],
            "client_affinity_enabled": false,
            "client_cert_enabled": false,
            "client_cert_mode": "Required",
            "connection_string": [],
            "custom_domain_verification_id": "7D502077F4A2B6B5AB1ABED3715668E00BB06CFC9D05FAC1B2175571839A04ED",
            "default_site_hostname": "ybee-webapp.azurewebsites.net",
            "enabled": true,
            "https_only": false,
            "id": "/subscriptions/52ff5c18-491f-4ff9-9f24-783368bab57e/resourceGroups/rg_Ybee/providers/Microsoft.Web/sites/ybee-webapp",
            "identity": [],
            "key_vault_reference_identity_id": "SystemAssigned",
            "location": "uksouth",
            "logs": [
              {
                "application_logs": [
                  {
                    "azure_blob_storage": [],
                    "file_system_level": "Off"
                  }
                ],
                "detailed_error_messages_enabled": false,
                "failed_request_tracing_enabled": false,
                "http_logs": [
                  {
                    "azure_blob_storage": [],
                    "file_system": []
                  }
                ]
              }
            ],
            "name": "ybee-webapp",
            "outbound_ip_address_list": [
              "20.77.134.25",
              "20.77.134.73",
              "20.77.134.163",
              "20.162.152.45",
              "20.162.152.217",
              "20.162.155.85",
              "20.77.135.59",
              "20.77.135.94",
              "20.77.135.128",
              "20.77.135.132",
              "20.77.135.164",
              "20.77.135.185",
              "20.77.135.219",
              "20.77.135.223",
              "20.77.135.231",
              "20.77.135.242",
              "20.77.135.244",
              "20.162.152.6",
              "20.90.134.29"
            ],
            "outbound_ip_addresses": "20.77.134.25,20.77.134.73,20.77.134.163,20.162.152.45,20.162.152.217,20.162.155.85,20.77.135.59,20.77.135.94,20.77.135.128,20.77.135.132,20.77.135.164,20.77.135.185,20.77.135.219,20.77.135.223,20.77.135.231,20.77.135.242,20.77.135.244,20.162.152.6,20.90.134.29",
            "possible_outbound_ip_address_list": [
              "20.77.134.25",
              "20.77.134.73",
              "20.77.134.163",
              "20.162.152.45",
              "20.162.152.217",
              "20.162.155.85",
              "20.77.135.59",
              "20.77.135.94",
              "20.77.135.128",
              "20.77.135.132",
              "20.77.135.164",
              "20.77.135.185",
              "20.77.135.219",
              "20.77.135.223",
              "20.77.135.231",
              "20.77.135.242",
              "20.77.135.244",
              "20.162.152.6",
              "4.250.142.230",
              "20.162.155.133",
              "20.162.155.169",
              "20.162.159.207",
              "20.77.129.112",
              "20.77.131.5",
              "20.77.133.60",
              "20.77.133.81",
              "20.77.133.153",
              "20.77.133.223",
              "20.77.134.7",
              "20.77.134.47",
              "20.77.134.63",
              "20.77.134.83",
              "20.77.134.112",
              "20.77.134.124",
              "20.77.134.166",
              "20.77.134.248",
              "20.77.135.8",
              "20.162.152.19",
              "20.162.152.42",
              "20.162.152.47",
              "20.162.152.94",
              "20.162.152.158",
              "20.162.152.171",
              "20.90.134.29"
            ],
            "possible_outbound_ip_addresses": "20.77.134.25,20.77.134.73,20.77.134.163,20.162.152.45,20.162.152.217,20.162.155.85,20.77.135.59,20.77.135.94,20.77.135.128,20.77.135.132,20.77.135.164,20.77.135.185,20.77.135.219,20.77.135.223,20.77.135.231,20.77.135.242,20.77.135.244,20.162.152.6,4.250.142.230,20.162.155.133,20.162.155.169,20.162.159.207,20.77.129.112,20.77.131.5,20.77.133.60,20.77.133.81,20.77.133.153,20.77.133.223,20.77.134.7,20.77.134.47,20.77.134.63,20.77.134.83,20.77.134.112,20.77.134.124,20.77.134.166,20.77.134.248,20.77.135.8,20.162.152.19,20.162.152.42,20.162.152.47,20.162.152.94,20.162.152.158,20.162.152.171,20.90.134.29",
            "resource_group_name": "rg_Ybee",
            "site_config": [
              {
                "acr_use_managed_identity_credentials": false,
                "acr_user_managed_identity_client_id": "",
                "always_on": false,
                "app_command_line": "",
                "auto_swap_slot_name": "",
                "cors": [
                  {
                    "allowed_origins": [],
                    "support_credentials": false
                  }
                ],
                "default_documents": null,
                "dotnet_framework_version": "v4.0",
                "ftps_state": "FtpsOnly",
                "health_check_path": "",
                "http2_enabled": false,
                "ip_restriction": [],
                "java_container": "",
                "java_container_version": "",
                "java_version": "",
                "linux_fx_version": "",
                "local_mysql_enabled": false,
                "managed_pipeline_mode": "Integrated",
                "min_tls_version": "1.2",
                "number_of_workers": 1,
                "php_version": "",
                "python_version": "",
                "remote_debugging_enabled": false,
                "remote_debugging_version": "VS2022",
                "scm_ip_restriction": [],
                "scm_type": "None",
                "scm_use_main_ip_restriction": false,
                "use_32_bit_worker_process": false,
                "vnet_route_all_enabled": false,
                "websockets_enabled": false,
                "windows_fx_version": ""
              }
            ],
            "site_credential": [
              {
                "password": "E1Dm6a82hY9Tx45kzBWtCCkMHqN7bNvo14sRbp9J7TH4aKAJRKEDdNh9PkWg",
                "username": "$ybee-webapp"
              }
            ],
            "source_control": [
              {
                "branch": "main",
                "manual_integration": false,
                "repo_url": "",
                "rollback_enabled": false,
                "use_mercurial": false
              }
            ],
            "storage_account": [],
            "tags": null,
            "timeouts": null
          },
          "sensitive_attributes": [],
          "identity_schema_version": 0,
          "private": "eyJlMmJmYjczMC1lY2FhLTExZTYtOGY4OC0zNDM2M2JjN2M0YzAiOnsiY3JlYXRlIjoxODAwMDAwMDAwMDAwLCJkZWxldGUiOjE4MDAwMDAwMDAwMDAsInJlYWQiOjMwMDAwMDAwMDAwMCwidXBkYXRlIjoxODAwMDAwMDAwMDAwfX0=",
          "dependencies": [
            "azurerm_resource_group.rg_Ybee",
            "azurerm_service_plan.app_plan"
          ]
        }
      ]
    },
    {
      "mode": "managed",
      "type": "azurerm_resource_group",
      "name": "rg_Ybee",
      "provider": "provider[\"registry.terraform.io/hashicorp/azurerm\"]",
      "instances": [
        {
          "schema_version": 0,
          "attributes": {
            "id": "/subscriptions/52ff5c18-491f-4ff9-9f24-783368bab57e/resourceGroups/rg_Ybee",
            "location": "uksouth",
            "managed_by": "",
            "name": "rg_Ybee",
            "tags": null,
            "timeouts": null
          },
          "sensitive_attributes": [],
          "identity_schema_version": 0,
          "private": "eyJlMmJmYjczMC1lY2FhLTExZTYtOGY4OC0zNDM2M2JjN2M0YzAiOnsiY3JlYXRlIjo1NDAwMDAwMDAwMDAwLCJkZWxldGUiOjU0MDAwMDAwMDAwMDAsInJlYWQiOjMwMDAwMDAwMDAwMCwidXBkYXRlIjo1NDAwMDAwMDAwMDAwfX0="
        }
      ]
    },
    {
      "mode": "managed",
      "type": "azurerm_service_plan",
      "name": "app_plan",
      "provider": "provider[\"registry.terraform.io/hashicorp/azurerm\"]",
      "instances": [
        {
          "schema_version": 1,
          "attributes": {
            "app_service_environment_id": "",
            "id": "/subscriptions/52ff5c18-491f-4ff9-9f24-783368bab57e/resourceGroups/rg_Ybee/providers/Microsoft.Web/serverFarms/ybee-app_plan",
            "kind": "app",
            "location": "uksouth",
            "maximum_elastic_worker_count": 1,
            "name": "ybee-app_plan",
            "os_type": "Windows",
            "per_site_scaling_enabled": false,
            "premium_plan_auto_scale_enabled": false,
            "reserved": false,
            "resource_group_name": "rg_Ybee",
            "sku_name": "B1",
            "tags": null,
            "timeouts": null,
            "worker_count": 1,
            "zone_balancing_enabled": false
          },
          "sensitive_attributes": [],
          "identity_schema_version": 0,
          "private": "eyJlMmJmYjczMC1lY2FhLTExZTYtOGY4OC0zNDM2M2JjN2M0YzAiOnsiY3JlYXRlIjozNjAwMDAwMDAwMDAwLCJkZWxldGUiOjM2MDAwMDAwMDAwMDAsInJlYWQiOjMwMDAwMDAwMDAwMCwidXBkYXRlIjozNjAwMDAwMDAwMDAwfSwic2NoZW1hX3ZlcnNpb24iOiIxIn0=",
          "dependencies": [
            "azurerm_resource_group.rg_Ybee"
          ]
        }
      ]
    },
    {
      "mode": "managed",
      "type": "azurerm_storage_account",
      "name": "storage",
      "provider": "provider[\"registry.terraform.io/hashicorp/azurerm\"]",
      "instances": [
        {
          "schema_version": 4,
          "attributes": {
            "access_tier": "Hot",
            "account_kind": "StorageV2",
            "account_replication_type": "LRS",
            "account_tier": "Standard",
            "allow_nested_items_to_be_public": true,
            "allowed_copy_scope": "",
            "azure_files_authentication": [],
            "blob_properties": [
              {
                "change_feed_enabled": false,
                "change_feed_retention_in_days": 0,
                "container_delete_retention_policy": [],
                "cors_rule": [],
                "default_service_version": "",
                "delete_retention_policy": [],
                "last_access_time_enabled": false,
                "restore_policy": [],
                "versioning_enabled": false
              }
            ],
            "cross_tenant_replication_enabled": false,
            "custom_domain": [],
            "customer_managed_key": [],
            "default_to_oauth_authentication": false,
            "dns_endpoint_type": "Standard",
            "edge_zone": "",
            "https_traffic_only_enabled": true,
            "id": "/subscriptions/52ff5c18-491f-4ff9-9f24-783368bab57e/resourceGroups/rg_Ybee/providers/Microsoft.Storage/storageAccounts/ybeeuniquestorage123",
            "identity": [],
            "immutability_policy": [],
            "infrastructure_encryption_enabled": false,
            "is_hns_enabled": false,
            "large_file_share_enabled": false,
            "local_user_enabled": true,
            "location": "uksouth",
            "min_tls_version": "TLS1_2",
            "name": "ybeeuniquestorage123",
            "network_rules": [],
            "nfsv3_enabled": false,
            "primary_access_key": "l4NXNSGjz6SFyryxScWHEZ2oZ+SnwDm1j6CfD244pWAYQ5Ex1SbpNZIWlTJgJuhIz6LsHQ4Nua+c+AStTwbPvQ==",
            "primary_blob_connection_string": "DefaultEndpointsProtocol=https;BlobEndpoint=https://ybeeuniquestorage123.blob.core.windows.net/;AccountName=ybeeuniquestorage123;AccountKey=l4NXNSGjz6SFyryxScWHEZ2oZ+SnwDm1j6CfD244pWAYQ5Ex1SbpNZIWlTJgJuhIz6LsHQ4Nua+c+AStTwbPvQ==",
            "primary_blob_endpoint": "https://ybeeuniquestorage123.blob.core.windows.net/",
            "primary_blob_host": "ybeeuniquestorage123.blob.core.windows.net",
            "primary_blob_internet_endpoint": "",
            "primary_blob_internet_host": "",
            "primary_blob_microsoft_endpoint": "",
            "primary_blob_microsoft_host": "",
            "primary_connection_string": "DefaultEndpointsProtocol=https;AccountName=ybeeuniquestorage123;AccountKey=l4NXNSGjz6SFyryxScWHEZ2oZ+SnwDm1j6CfD244pWAYQ5Ex1SbpNZIWlTJgJuhIz6LsHQ4Nua+c+AStTwbPvQ==;EndpointSuffix=core.windows.net",
            "primary_dfs_endpoint": "https://ybeeuniquestorage123.dfs.core.windows.net/",
            "primary_dfs_host": "ybeeuniquestorage123.dfs.core.windows.net",
            "primary_dfs_internet_endpoint": "",
            "primary_dfs_internet_host": "",
            "primary_dfs_microsoft_endpoint": "",
            "primary_dfs_microsoft_host": "",
            "primary_file_endpoint": "https://ybeeuniquestorage123.file.core.windows.net/",
            "primary_file_host": "ybeeuniquestorage123.file.core.windows.net",
            "primary_file_internet_endpoint": "",
            "primary_file_internet_host": "",
            "primary_file_microsoft_endpoint": "",
            "primary_file_microsoft_host": "",
            "primary_location": "uksouth",
            "primary_queue_endpoint": "https://ybeeuniquestorage123.queue.core.windows.net/",
            "primary_queue_host": "ybeeuniquestorage123.queue.core.windows.net",
            "primary_queue_microsoft_endpoint": "",
            "primary_queue_microsoft_host": "",
            "primary_table_endpoint": "https://ybeeuniquestorage123.table.core.windows.net/",
            "primary_table_host": "ybeeuniquestorage123.table.core.windows.net",
            "primary_table_microsoft_endpoint": "",
            "primary_table_microsoft_host": "",
            "primary_web_endpoint": "https://ybeeuniquestorage123.z33.web.core.windows.net/",
            "primary_web_host": "ybeeuniquestorage123.z33.web.core.windows.net",
            "primary_web_internet_endpoint": "",
            "primary_web_internet_host": "",
            "primary_web_microsoft_endpoint": "",
            "primary_web_microsoft_host": "",
            "public_network_access_enabled": true,
            "queue_encryption_key_type": "Service",
            "queue_properties": [
              {
                "cors_rule": [],
                "hour_metrics": [
                  {
                    "enabled": false,
                    "include_apis": false,
                    "retention_policy_days": 0,
                    "version": "1.0"
                  }
                ],
                "logging": [
                  {
                    "delete": false,
                    "read": false,
                    "retention_policy_days": 0,
                    "version": "1.0",
                    "write": false
                  }
                ],
                "minute_metrics": [
                  {
                    "enabled": false,
                    "include_apis": false,
                    "retention_policy_days": 0,
                    "version": "1.0"
                  }
                ]
              }
            ],
            "resource_group_name": "rg_Ybee",
            "routing": [],
            "sas_policy": [],
            "secondary_access_key": "ortHxpQUFc3PeXtfN6/XLzKh/4Y1zmFF73OcYwVrCnVKhcTJpZFV98HWSvokIlwoj3YSm/sGCWl3+AStAt+Sqw==",
            "secondary_blob_connection_string": "",
            "secondary_blob_endpoint": "",
            "secondary_blob_host": "",
            "secondary_blob_internet_endpoint": "",
            "secondary_blob_internet_host": "",
            "secondary_blob_microsoft_endpoint": "",
            "secondary_blob_microsoft_host": "",
            "secondary_connection_string": "DefaultEndpointsProtocol=https;AccountName=ybeeuniquestorage123;AccountKey=ortHxpQUFc3PeXtfN6/XLzKh/4Y1zmFF73OcYwVrCnVKhcTJpZFV98HWSvokIlwoj3YSm/sGCWl3+AStAt+Sqw==;EndpointSuffix=core.windows.net",
            "secondary_dfs_endpoint": "",
            "secondary_dfs_host": "",
            "secondary_dfs_internet_endpoint": "",
            "secondary_dfs_internet_host": "",
            "secondary_dfs_microsoft_endpoint": "",
            "secondary_dfs_microsoft_host": "",
            "secondary_file_endpoint": "",
            "secondary_file_host": "",
            "secondary_file_internet_endpoint": "",
            "secondary_file_internet_host": "",
            "secondary_file_microsoft_endpoint": "",
            "secondary_file_microsoft_host": "",
            "secondary_location": "",
            "secondary_queue_endpoint": "",
            "secondary_queue_host": "",
            "secondary_queue_microsoft_endpoint": "",
            "secondary_queue_microsoft_host": "",
            "secondary_table_endpoint": "",
            "secondary_table_host": "",
            "secondary_table_microsoft_endpoint": "",
            "secondary_table_microsoft_host": "",
            "secondary_web_endpoint": "",
            "secondary_web_host": "",
            "secondary_web_internet_endpoint": "",
            "secondary_web_internet_host": "",
            "secondary_web_microsoft_endpoint": "",
            "secondary_web_microsoft_host": "",
            "sftp_enabled": false,
            "share_properties": [
              {
                "cors_rule": [],
                "retention_policy": [
                  {
                    "days": 7
                  }
                ],
                "smb": []
              }
            ],
            "shared_access_key_enabled": true,
            "static_website": [],
            "table_encryption_key_type": "Service",
            "tags": null,
            "timeouts": null
          },
          "sensitive_attributes": [
            [
              {
                "type": "get_attr",
                "value": "primary_access_key"
              }
            ],
            [
              {
                "type": "get_attr",
                "value": "primary_blob_connection_string"
              }
            ],
            [
              {
                "type": "get_attr",
                "value": "primary_connection_string"
              }
            ],
            [
              {
                "type": "get_attr",
                "value": "secondary_access_key"
              }
            ],
            [
              {
                "type": "get_attr",
                "value": "secondary_blob_connection_string"
              }
            ],
            [
              {
                "type": "get_attr",
                "value": "secondary_connection_string"
              }
            ]
          ],
          "identity_schema_version": 0,
          "identity": {
            "name": "ybeeuniquestorage123",
            "resource_group_name": "rg_Ybee",
            "subscription_id": "52ff5c18-491f-4ff9-9f24-783368bab57e"
          },
          "private": "eyJlMmJmYjczMC1lY2FhLTExZTYtOGY4OC0zNDM2M2JjN2M0YzAiOnsiY3JlYXRlIjozNjAwMDAwMDAwMDAwLCJkZWxldGUiOjM2MDAwMDAwMDAwMDAsInJlYWQiOjMwMDAwMDAwMDAwMCwidXBkYXRlIjozNjAwMDAwMDAwMDAwfSwic2NoZW1hX3ZlcnNpb24iOiI0In0=",
          "dependencies": [
            "azurerm_resource_group.rg_Ybee"
          ]
        }
      ]
    }
  ],
  "check_results": null
}
