{
  "version": 4,
  "terraform_version": "1.12.2",
  "serial": 13,
  "lineage": "cfd4cbc0-318c-25de-54f9-e088266925f9",
  "outputs": {},
  "resources": [
    {
      "mode": "managed",
      "type": "azurerm_app_service",
      "name": "web_app",
      "provider": "provider[\"registry.terraform.io/hashicorp/azurerm\"]",
      "instances": [
        {
          "schema_version": 0,
          "attributes": {
            "app_service_plan_id": "/subscriptions/b6fe4715-d2b2-42ab-8084-deaa26fcb5be/resourceGroups/rg_resource/providers/Microsoft.Web/serverFarms/ybee-app_plan",
            "app_settings": {
              "WEBSITE_RUN_FROM_PACKAGE": "1"
            },
            "auth_settings": [
              {
                "active_directory": [],
                "additional_login_params": {},
                "allowed_external_redirect_urls": [],
                "default_provider": "",
                "enabled": false,
                "facebook": [],
                "google": [],
                "issuer": "",
                "microsoft": [],
                "runtime_version": "",
                "token_refresh_extension_hours": 0,
                "token_store_enabled": false,
                "twitter": [],
                "unauthenticated_client_action": ""
              }
            ],
            "backup": [],
            "client_affinity_enabled": false,
            "client_cert_enabled": false,
            "client_cert_mode": "Required",
            "connection_string": [],
            "custom_domain_verification_id": "F780798D6CFE71C98A9D4400B609BCA844BA9B11466335873CD8031713436276",
            "default_site_hostname": "ybee-webapp-0722xyz.azurewebsites.net",
            "enabled": true,
            "https_only": false,
            "id": "/subscriptions/b6fe4715-d2b2-42ab-8084-deaa26fcb5be/resourceGroups/rg_resource/providers/Microsoft.Web/sites/ybee-webapp-0722xyz",
            "identity": [],
            "key_vault_reference_identity_id": "SystemAssigned",
            "location": "uksouth",
            "logs": [
              {
                "application_logs": [
                  {
                    "azure_blob_storage": [],
                    "file_system_level": "Off"
                  }
                ],
                "detailed_error_messages_enabled": false,
                "failed_request_tracing_enabled": false,
                "http_logs": [
                  {
                    "azure_blob_storage": [],
                    "file_system": []
                  }
                ]
              }
            ],
            "name": "ybee-webapp-0722xyz",
            "outbound_ip_address_list": [
              "20.90.197.39",
              "20.90.197.56",
              "20.90.197.252",
              "20.90.198.215",
              "20.90.199.140",
              "20.90.199.179",
              "20.90.134.0"
            ],
            "outbound_ip_addresses": "20.90.197.39,20.90.197.56,20.90.197.252,20.90.198.215,20.90.199.140,20.90.199.179,20.90.134.0",
            "possible_outbound_ip_address_list": [
              "20.90.197.39",
              "20.90.197.56",
              "20.90.197.252",
              "20.90.198.215",
              "20.90.199.140",
              "20.90.199.179",
              "85.210.58.201",
              "20.108.112.170",
              "20.108.113.91",
              "20.108.117.43",
              "20.108.117.60",
              "20.108.117.65",
              "20.108.117.66",
              "20.108.112.6",
              "20.108.117.85",
              "20.108.117.73",
              "20.108.112.211",
              "20.108.117.79",
              "20.108.117.164",
              "20.108.117.86",
              "20.108.117.103",
              "20.108.117.131",
              "20.108.118.71",
              "20.108.117.122",
              "20.108.118.75",
              "20.108.117.152",
              "20.108.118.78",
              "20.108.118.128",
              "20.108.118.150",
              "20.108.118.181",
              "20.108.118.211",
              "20.90.134.0"
            ],
            "possible_outbound_ip_addresses": "20.90.197.39,20.90.197.56,20.90.197.252,20.90.198.215,20.90.199.140,20.90.199.179,85.210.58.201,20.108.112.170,20.108.113.91,20.108.117.43,20.108.117.60,20.108.117.65,20.108.117.66,20.108.112.6,20.108.117.85,20.108.117.73,20.108.112.211,20.108.117.79,20.108.117.164,20.108.117.86,20.108.117.103,20.108.117.131,20.108.118.71,20.108.117.122,20.108.118.75,20.108.117.152,20.108.118.78,20.108.118.128,20.108.118.150,20.108.118.181,20.108.118.211,20.90.134.0",
            "resource_group_name": "rg_resource",
            "site_config": [
              {
                "acr_use_managed_identity_credentials": false,
                "acr_user_managed_identity_client_id": "",
                "always_on": false,
                "app_command_line": "",
                "auto_swap_slot_name": "",
                "cors": [
                  {
                    "allowed_origins": [],
                    "support_credentials": false
                  }
                ],
                "default_documents": null,
                "dotnet_framework_version": "v4.0",
                "ftps_state": "FtpsOnly",
                "health_check_path": "",
                "http2_enabled": false,
                "ip_restriction": [],
                "java_container": "",
                "java_container_version": "",
                "java_version": "",
                "linux_fx_version": "",
                "local_mysql_enabled": false,
                "managed_pipeline_mode": "Integrated",
                "min_tls_version": "1.2",
                "number_of_workers": 1,
                "php_version": "",
                "python_version": "",
                "remote_debugging_enabled": false,
                "remote_debugging_version": "VS2022",
                "scm_ip_restriction": [],
                "scm_type": "None",
                "scm_use_main_ip_restriction": false,
                "use_32_bit_worker_process": false,
                "vnet_route_all_enabled": false,
                "websockets_enabled": false,
                "windows_fx_version": ""
              }
            ],
            "site_credential": [
              {
                "password": "XuT2hASz3ygKez38EqBtArDnuMHWfT0rwmBkZH35NohRqHxfqpu9bn0gwwsB",
                "username": "$ybee-webapp-0722xyz"
              }
            ],
            "source_control": [
              {
                "branch": "main",
                "manual_integration": false,
                "repo_url": "",
                "rollback_enabled": false,
                "use_mercurial": false
              }
            ],
            "storage_account": [],
            "tags": null,
            "timeouts": null
          },
          "sensitive_attributes": [],
          "identity_schema_version": 0,
          "private": "eyJlMmJmYjczMC1lY2FhLTExZTYtOGY4OC0zNDM2M2JjN2M0YzAiOnsiY3JlYXRlIjoxODAwMDAwMDAwMDAwLCJkZWxldGUiOjE4MDAwMDAwMDAwMDAsInJlYWQiOjMwMDAwMDAwMDAwMCwidXBkYXRlIjoxODAwMDAwMDAwMDAwfX0=",
          "dependencies": [
            "azurerm_resource_group.rg_resource",
            "azurerm_service_plan.app_plan"
          ]
        }
      ]
    },
    {
      "mode": "managed",
      "type": "azurerm_network_interface",
      "name": "nic",
      "provider": "provider[\"registry.terraform.io/hashicorp/azurerm\"]",
      "instances": [
        {
          "schema_version": 0,
          "attributes": {
            "accelerated_networking_enabled": false,
            "applied_dns_servers": [],
            "auxiliary_mode": "",
            "auxiliary_sku": "",
            "dns_servers": [],
            "edge_zone": "",
            "id": "/subscriptions/b6fe4715-d2b2-42ab-8084-deaa26fcb5be/resourceGroups/rg_resource/providers/Microsoft.Network/networkInterfaces/ybee-nic",
            "internal_dns_name_label": "",
            "internal_domain_name_suffix": "xbbdgzjqvb3uxn1mf1ujqb00bb.zx.internal.cloudapp.net",
            "ip_configuration": [
              {
                "gateway_load_balancer_frontend_ip_configuration_id": "",
                "name": "ipconfig1",
                "primary": true,
                "private_ip_address": "10.0.2.4",
                "private_ip_address_allocation": "Dynamic",
                "private_ip_address_version": "IPv4",
                "public_ip_address_id": "",
                "subnet_id": "/subscriptions/b6fe4715-d2b2-42ab-8084-deaa26fcb5be/resourceGroups/rg_resource/providers/Microsoft.Network/virtualNetworks/vnet-network/subnets/subnet_id"
              }
            ],
            "ip_forwarding_enabled": false,
            "location": "uksouth",
            "mac_address": "",
            "name": "ybee-nic",
            "private_ip_address": "10.0.2.4",
            "private_ip_addresses": [
              "10.0.2.4"
            ],
            "resource_group_name": "rg_resource",
            "tags": {},
            "timeouts": null,
            "virtual_machine_id": ""
          },
          "sensitive_attributes": [],
          "identity_schema_version": 0,
          "identity": {
            "name": "ybee-nic",
            "resource_group_name": "rg_resource",
            "subscription_id": "b6fe4715-d2b2-42ab-8084-deaa26fcb5be"
          },
          "private": "eyJlMmJmYjczMC1lY2FhLTExZTYtOGY4OC0zNDM2M2JjN2M0YzAiOnsiY3JlYXRlIjoxODAwMDAwMDAwMDAwLCJkZWxldGUiOjE4MDAwMDAwMDAwMDAsInJlYWQiOjMwMDAwMDAwMDAwMCwidXBkYXRlIjoxODAwMDAwMDAwMDAwfX0=",
          "dependencies": [
            "azurerm_resource_group.rg_resource",
            "azurerm_subnet.subnet_id",
            "azurerm_virtual_network.vnet"
          ]
        }
      ]
    },
    {
      "mode": "managed",
      "type": "azurerm_resource_group",
      "name": "rg_resource",
      "provider": "provider[\"registry.terraform.io/hashicorp/azurerm\"]",
      "instances": [
        {
          "schema_version": 0,
          "attributes": {
            "id": "/subscriptions/b6fe4715-d2b2-42ab-8084-deaa26fcb5be/resourceGroups/rg_resource",
            "location": "uksouth",
            "managed_by": "",
            "name": "rg_resource",
            "tags": {},
            "timeouts": null
          },
          "sensitive_attributes": [],
          "identity_schema_version": 0,
          "private": "eyJlMmJmYjczMC1lY2FhLTExZTYtOGY4OC0zNDM2M2JjN2M0YzAiOnsiY3JlYXRlIjo1NDAwMDAwMDAwMDAwLCJkZWxldGUiOjU0MDAwMDAwMDAwMDAsInJlYWQiOjMwMDAwMDAwMDAwMCwidXBkYXRlIjo1NDAwMDAwMDAwMDAwfX0="
        }
      ]
    },
    {
      "mode": "managed",
      "type": "azurerm_service_plan",
      "name": "app_plan",
      "provider": "provider[\"registry.terraform.io/hashicorp/azurerm\"]",
      "instances": [
        {
          "schema_version": 1,
          "attributes": {
            "app_service_environment_id": "",
            "id": "/subscriptions/b6fe4715-d2b2-42ab-8084-deaa26fcb5be/resourceGroups/rg_resource/providers/Microsoft.Web/serverFarms/ybee-app_plan",
            "kind": "app",
            "location": "uksouth",
            "maximum_elastic_worker_count": 1,
            "name": "ybee-app_plan",
            "os_type": "Windows",
            "per_site_scaling_enabled": false,
            "premium_plan_auto_scale_enabled": false,
            "reserved": false,
            "resource_group_name": "rg_resource",
            "sku_name": "B1",
            "tags": {},
            "timeouts": null,
            "worker_count": 1,
            "zone_balancing_enabled": false
          },
          "sensitive_attributes": [],
          "identity_schema_version": 0,
          "private": "eyJlMmJmYjczMC1lY2FhLTExZTYtOGY4OC0zNDM2M2JjN2M0YzAiOnsiY3JlYXRlIjozNjAwMDAwMDAwMDAwLCJkZWxldGUiOjM2MDAwMDAwMDAwMDAsInJlYWQiOjMwMDAwMDAwMDAwMCwidXBkYXRlIjozNjAwMDAwMDAwMDAwfSwic2NoZW1hX3ZlcnNpb24iOiIxIn0=",
          "dependencies": [
            "azurerm_resource_group.rg_resource"
          ]
        }
      ]
    },
    {
      "mode": "managed",
      "type": "azurerm_storage_account",
      "name": "storage",
      "provider": "provider[\"registry.terraform.io/hashicorp/azurerm\"]",
      "instances": [
        {
          "schema_version": 4,
          "attributes": {
            "access_tier": "Hot",
            "account_kind": "StorageV2",
            "account_replication_type": "LRS",
            "account_tier": "Standard",
            "allow_nested_items_to_be_public": true,
            "allowed_copy_scope": "",
            "azure_files_authentication": [],
            "blob_properties": [
              {
                "change_feed_enabled": false,
                "change_feed_retention_in_days": 0,
                "container_delete_retention_policy": [],
                "cors_rule": [],
                "default_service_version": "",
                "delete_retention_policy": [],
                "last_access_time_enabled": false,
                "restore_policy": [],
                "versioning_enabled": false
              }
            ],
            "cross_tenant_replication_enabled": false,
            "custom_domain": [],
            "customer_managed_key": [],
            "default_to_oauth_authentication": false,
            "dns_endpoint_type": "Standard",
            "edge_zone": "",
            "https_traffic_only_enabled": true,
            "id": "/subscriptions/b6fe4715-d2b2-42ab-8084-deaa26fcb5be/resourceGroups/rg_resource/providers/Microsoft.Storage/storageAccounts/ybeeuniquestorageolay1",
            "identity": [],
            "immutability_policy": [],
            "infrastructure_encryption_enabled": false,
            "is_hns_enabled": false,
            "large_file_share_enabled": false,
            "local_user_enabled": true,
            "location": "uksouth",
            "min_tls_version": "TLS1_2",
            "name": "ybeeuniquestorageolay1",
            "network_rules": [],
            "nfsv3_enabled": false,
            "primary_access_key": "shX7Rck/w/hyf6dtssjGuOqqhyDLqSP+4U/tGgmLmWTBJOWYxgU7wqlZluG+NVqKrXd4IhnyP0kO+ASt399L6w==",
            "primary_blob_connection_string": "DefaultEndpointsProtocol=https;BlobEndpoint=https://ybeeuniquestorageolay1.blob.core.windows.net/;AccountName=ybeeuniquestorageolay1;AccountKey=shX7Rck/w/hyf6dtssjGuOqqhyDLqSP+4U/tGgmLmWTBJOWYxgU7wqlZluG+NVqKrXd4IhnyP0kO+ASt399L6w==",
            "primary_blob_endpoint": "https://ybeeuniquestorageolay1.blob.core.windows.net/",
            "primary_blob_host": "ybeeuniquestorageolay1.blob.core.windows.net",
            "primary_blob_internet_endpoint": "",
            "primary_blob_internet_host": "",
            "primary_blob_microsoft_endpoint": "",
            "primary_blob_microsoft_host": "",
            "primary_connection_string": "DefaultEndpointsProtocol=https;AccountName=ybeeuniquestorageolay1;AccountKey=shX7Rck/w/hyf6dtssjGuOqqhyDLqSP+4U/tGgmLmWTBJOWYxgU7wqlZluG+NVqKrXd4IhnyP0kO+ASt399L6w==;EndpointSuffix=core.windows.net",
            "primary_dfs_endpoint": "https://ybeeuniquestorageolay1.dfs.core.windows.net/",
            "primary_dfs_host": "ybeeuniquestorageolay1.dfs.core.windows.net",
            "primary_dfs_internet_endpoint": "",
            "primary_dfs_internet_host": "",
            "primary_dfs_microsoft_endpoint": "",
            "primary_dfs_microsoft_host": "",
            "primary_file_endpoint": "https://ybeeuniquestorageolay1.file.core.windows.net/",
            "primary_file_host": "ybeeuniquestorageolay1.file.core.windows.net",
            "primary_file_internet_endpoint": "",
            "primary_file_internet_host": "",
            "primary_file_microsoft_endpoint": "",
            "primary_file_microsoft_host": "",
            "primary_location": "uksouth",
            "primary_queue_endpoint": "https://ybeeuniquestorageolay1.queue.core.windows.net/",
            "primary_queue_host": "ybeeuniquestorageolay1.queue.core.windows.net",
            "primary_queue_microsoft_endpoint": "",
            "primary_queue_microsoft_host": "",
            "primary_table_endpoint": "https://ybeeuniquestorageolay1.table.core.windows.net/",
            "primary_table_host": "ybeeuniquestorageolay1.table.core.windows.net",
            "primary_table_microsoft_endpoint": "",
            "primary_table_microsoft_host": "",
            "primary_web_endpoint": "https://ybeeuniquestorageolay1.z33.web.core.windows.net/",
            "primary_web_host": "ybeeuniquestorageolay1.z33.web.core.windows.net",
            "primary_web_internet_endpoint": "",
            "primary_web_internet_host": "",
            "primary_web_microsoft_endpoint": "",
            "primary_web_microsoft_host": "",
            "provisioned_billing_model_version": "",
            "public_network_access_enabled": true,
            "queue_encryption_key_type": "Service",
            "queue_properties": [
              {
                "cors_rule": [],
                "hour_metrics": [
                  {
                    "enabled": false,
                    "include_apis": false,
                    "retention_policy_days": 0,
                    "version": "1.0"
                  }
                ],
                "logging": [
                  {
                    "delete": false,
                    "read": false,
                    "retention_policy_days": 0,
                    "version": "1.0",
                    "write": false
                  }
                ],
                "minute_metrics": [
                  {
                    "enabled": false,
                    "include_apis": false,
                    "retention_policy_days": 0,
                    "version": "1.0"
                  }
                ]
              }
            ],
            "resource_group_name": "rg_resource",
            "routing": [],
            "sas_policy": [],
            "secondary_access_key": "gNNGY65o/ld4kPoMKRoOzSnAoP8SQYlwAViQD3JbGcqUsLeVnBpyeVL488/JGHh7Li4CAV70OGzX+AStNp00lg==",
            "secondary_blob_connection_string": "",
            "secondary_blob_endpoint": "",
            "secondary_blob_host": "",
            "secondary_blob_internet_endpoint": "",
            "secondary_blob_internet_host": "",
            "secondary_blob_microsoft_endpoint": "",
            "secondary_blob_microsoft_host": "",
            "secondary_connection_string": "DefaultEndpointsProtocol=https;AccountName=ybeeuniquestorageolay1;AccountKey=gNNGY65o/ld4kPoMKRoOzSnAoP8SQYlwAViQD3JbGcqUsLeVnBpyeVL488/JGHh7Li4CAV70OGzX+AStNp00lg==;EndpointSuffix=core.windows.net",
            "secondary_dfs_endpoint": "",
            "secondary_dfs_host": "",
            "secondary_dfs_internet_endpoint": "",
            "secondary_dfs_internet_host": "",
            "secondary_dfs_microsoft_endpoint": "",
            "secondary_dfs_microsoft_host": "",
            "secondary_file_endpoint": "",
            "secondary_file_host": "",
            "secondary_file_internet_endpoint": "",
            "secondary_file_internet_host": "",
            "secondary_file_microsoft_endpoint": "",
            "secondary_file_microsoft_host": "",
            "secondary_location": "",
            "secondary_queue_endpoint": "",
            "secondary_queue_host": "",
            "secondary_queue_microsoft_endpoint": "",
            "secondary_queue_microsoft_host": "",
            "secondary_table_endpoint": "",
            "secondary_table_host": "",
            "secondary_table_microsoft_endpoint": "",
            "secondary_table_microsoft_host": "",
            "secondary_web_endpoint": "",
            "secondary_web_host": "",
            "secondary_web_internet_endpoint": "",
            "secondary_web_internet_host": "",
            "secondary_web_microsoft_endpoint": "",
            "secondary_web_microsoft_host": "",
            "sftp_enabled": false,
            "share_properties": [
              {
                "cors_rule": [],
                "retention_policy": [
                  {
                    "days": 7
                  }
                ],
                "smb": []
              }
            ],
            "shared_access_key_enabled": true,
            "static_website": [],
            "table_encryption_key_type": "Service",
            "tags": null,
            "timeouts": null
          },
          "sensitive_attributes": [
            [
              {
                "type": "get_attr",
                "value": "primary_access_key"
              }
            ],
            [
              {
                "type": "get_attr",
                "value": "primary_blob_connection_string"
              }
            ],
            [
              {
                "type": "get_attr",
                "value": "primary_connection_string"
              }
            ],
            [
              {
                "type": "get_attr",
                "value": "secondary_access_key"
              }
            ],
            [
              {
                "type": "get_attr",
                "value": "secondary_blob_connection_string"
              }
            ],
            [
              {
                "type": "get_attr",
                "value": "secondary_connection_string"
              }
            ]
          ],
          "identity_schema_version": 0,
          "identity": {
            "name": "ybeeuniquestorageolay1",
            "resource_group_name": "rg_resource",
            "subscription_id": "b6fe4715-d2b2-42ab-8084-deaa26fcb5be"
          },
          "private": "eyJlMmJmYjczMC1lY2FhLTExZTYtOGY4OC0zNDM2M2JjN2M0YzAiOnsiY3JlYXRlIjozNjAwMDAwMDAwMDAwLCJkZWxldGUiOjM2MDAwMDAwMDAwMDAsInJlYWQiOjMwMDAwMDAwMDAwMCwidXBkYXRlIjozNjAwMDAwMDAwMDAwfSwic2NoZW1hX3ZlcnNpb24iOiI0In0=",
          "dependencies": [
            "azurerm_resource_group.rg_resource"
          ]
        }
      ]
    },
    {
      "mode": "managed",
      "type": "azurerm_subnet",
      "name": "subnet_id",
      "provider": "provider[\"registry.terraform.io/hashicorp/azurerm\"]",
      "instances": [
        {
          "schema_version": 0,
          "attributes": {
            "address_prefixes": [
              "10.0.2.0/24"
            ],
            "default_outbound_access_enabled": true,
            "delegation": [],
            "id": "/subscriptions/b6fe4715-d2b2-42ab-8084-deaa26fcb5be/resourceGroups/rg_resource/providers/Microsoft.Network/virtualNetworks/vnet-network/subnets/subnet_id",
            "name": "subnet_id",
            "private_endpoint_network_policies": "Disabled",
            "private_link_service_network_policies_enabled": true,
            "resource_group_name": "rg_resource",
            "service_endpoint_policy_ids": [],
            "service_endpoints": [],
            "timeouts": null,
            "virtual_network_name": "vnet-network"
          },
          "sensitive_attributes": [],
          "identity_schema_version": 0,
          "identity": {
            "name": "subnet_id",
            "resource_group_name": "rg_resource",
            "subscription_id": "b6fe4715-d2b2-42ab-8084-deaa26fcb5be",
            "virtual_network_name": "vnet-network"
          },
          "private": "eyJlMmJmYjczMC1lY2FhLTExZTYtOGY4OC0zNDM2M2JjN2M0YzAiOnsiY3JlYXRlIjoxODAwMDAwMDAwMDAwLCJkZWxldGUiOjE4MDAwMDAwMDAwMDAsInJlYWQiOjMwMDAwMDAwMDAwMCwidXBkYXRlIjoxODAwMDAwMDAwMDAwfX0=",
          "dependencies": [
            "azurerm_resource_group.rg_resource",
            "azurerm_virtual_network.vnet"
          ]
        }
      ]
    },
    {
      "mode": "managed",
      "type": "azurerm_virtual_network",
      "name": "vnet",
      "provider": "provider[\"registry.terraform.io/hashicorp/azurerm\"]",
      "instances": [
        {
          "schema_version": 0,
          "attributes": {
            "address_space": [
              "10.0.0.0/16"
            ],
            "bgp_community": "",
            "ddos_protection_plan": [],
            "dns_servers": [],
            "edge_zone": "",
            "encryption": [],
            "flow_timeout_in_minutes": 0,
            "guid": "653342b8-a830-4b7b-b76c-2ee898075a09",
            "id": "/subscriptions/b6fe4715-d2b2-42ab-8084-deaa26fcb5be/resourceGroups/rg_resource/providers/Microsoft.Network/virtualNetworks/vnet-network",
            "ip_address_pool": [],
            "location": "uksouth",
            "name": "vnet-network",
            "private_endpoint_vnet_policies": "Disabled",
            "resource_group_name": "rg_resource",
            "subnet": [
              {
                "address_prefixes": [
                  "10.0.2.0/24"
                ],
                "default_outbound_access_enabled": true,
                "delegation": [],
                "id": "/subscriptions/b6fe4715-d2b2-42ab-8084-deaa26fcb5be/resourceGroups/rg_resource/providers/Microsoft.Network/virtualNetworks/vnet-network/subnets/subnet_id",
                "name": "subnet_id",
                "private_endpoint_network_policies": "Disabled",
                "private_link_service_network_policies_enabled": true,
                "route_table_id": "",
                "security_group": "",
                "service_endpoint_policy_ids": [],
                "service_endpoints": []
              }
            ],
            "tags": {},
            "timeouts": null
          },
          "sensitive_attributes": [],
          "identity_schema_version": 0,
          "identity": {
            "name": "vnet-network",
            "resource_group_name": "rg_resource",
            "subscription_id": "b6fe4715-d2b2-42ab-8084-deaa26fcb5be"
          },
          "private": "eyJlMmJmYjczMC1lY2FhLTExZTYtOGY4OC0zNDM2M2JjN2M0YzAiOnsiY3JlYXRlIjoxODAwMDAwMDAwMDAwLCJkZWxldGUiOjE4MDAwMDAwMDAwMDAsInJlYWQiOjMwMDAwMDAwMDAwMCwidXBkYXRlIjoxODAwMDAwMDAwMDAwfX0=",
          "dependencies": [
            "azurerm_resource_group.rg_resource"
          ]
        }
      ]
    }
  ],
  "check_results": null
}
